<?xml version="1.0" encoding="utf-8"?>
<Project ToolsVersion="4.0" xmlns="http://schemas.microsoft.com/developer/msbuild/2003">
  <ItemGroup>
    <Filter Include="源文件">
      <UniqueIdentifier>{4FC737F1-C7A5-4376-A066-2A32D752A2FF}</UniqueIdentifier>
      <Extensions>cpp;c;cc;cxx;def;odl;idl;hpj;bat;asm;asmx</Extensions>
    </Filter>
    <Filter Include="头文件">
      <UniqueIdentifier>{93995380-89BD-4b04-88EB-625FBE52EBFB}</UniqueIdentifier>
      <Extensions>h;hpp;hxx;hm;inl;inc;xsd</Extensions>
    </Filter>
  </ItemGroup>
  <ItemGroup>
    <ClCompile Include="ConnectionBase.cpp">
      <Filter>源文件</Filter>
    </ClCompile>
    <ClCompile Include="ChannelBase.cpp">
      <Filter>源文件</Filter>
    </ClCompile>
    <ClCompile Include="Message.cpp">
      <Filter>源文件</Filter>
    </ClCompile>
    <ClCompile Include="ConnectionRabbit.cpp">
      <Filter>源文件</Filter>
    </ClCompile>
    <ClCompile Include="ChannelPublish.cpp">
      <Filter>源文件</Filter>
    </ClCompile>
    <ClCompile Include="ConnectionFactory.cpp">
      <Filter>源文件</Filter>
    </ClCompile>
    <ClCompile Include="ChannelSubscribe.cpp">
      <Filter>源文件</Filter>
    </ClCompile>
    <ClCompile Include="RabbitConfig.cpp">
      <Filter>源文件</Filter>
    </ClCompile>
    <ClCompile Include="ErrorParse.cpp">
      <Filter>源文件</Filter>
    </ClCompile>
  </ItemGroup>
  <ItemGroup>
    <ClInclude Include="DataDefine.h">
      <Filter>头文件</Filter>
    </ClInclude>
    <ClInclude Include="version.h">
      <Filter>头文件</Filter>
    </ClInclude>
    <ClInclude Include="ConnectionBase.h">
      <Filter>头文件</Filter>
    </ClInclude>
    <ClInclude Include="ChannelBase.h">
      <Filter>头文件</Filter>
    </ClInclude>
    <ClInclude Include="Message.h">
      <Filter>头文件</Filter>
    </ClInclude>
    <ClInclude Include="ConnectionRabbit.h">
      <Filter>头文件</Filter>
    </ClInclude>
    <ClInclude Include="ChannelPublish.h">
      <Filter>头文件</Filter>
    </ClInclude>
    <ClInclude Include="ConnectionFactory.h">
      <Filter>头文件</Filter>
    </ClInclude>
    <ClInclude Include="ChannelSubscribe.h">
      <Filter>头文件</Filter>
    </ClInclude>
    <ClInclude Include="RabbitConfig.h">
      <Filter>头文件</Filter>
    </ClInclude>
    <ClInclude Include="ErrorParse.h">
      <Filter>头文件</Filter>
    </ClInclude>
  </ItemGroup>
</Project>